
Microsoft Visual Studio Solution File, Format Version 12.00
# Visual Studio Version 16
VisualStudioVersion = 16.0.31112.23
MinimumVisualStudioVersion = 10.0.40219.1
Project("{FAE04EC0-301F-11D3-BF4B-00C04F79EFBC}") = "Big data", "Big data\Big data.csproj", "{DCD3BC78-C8D6-461E-86B6-230803AE9E12}"
EndProject
Global
	GlobalSection(SolutionConfigurationPlatforms) = preSolution
		Debug|Any CPU = Debug|Any CPU
		Release|Any CPU = Release|Any CPU
	EndGlobalSection
	GlobalSection(ProjectConfigurationPlatforms) = postSolution
		{DCD3BC78-C8D6-461E-86B6-230803AE9E12}.Debug|Any CPU.ActiveCfg = Debug|Any CPU
		{DCD3BC78-C8D6-461E-86B6-230803AE9E12}.Debug|Any CPU.Build.0 = Debug|Any CPU
		{DCD3BC78-C8D6-461E-86B6-230803AE9E12}.Release|Any CPU.ActiveCfg = Release|Any CPU
		{DCD3BC78-C8D6-461E-86B6-230803AE9E12}.Release|Any CPU.Build.0 = Release|Any CPU
	EndGlobalSection
	GlobalSection(SolutionProperties) = preSolution
		HideSolutionNode = FALSE
	EndGlobalSection
	GlobalSection(ExtensibilityGlobals) = postSolution
		SolutionGuid = {2A0B2553-B631-418F-9FDF-EE4AE0BB6198}
	EndGlobalSection
EndGlobal
